
Microsoft Visual Studio Solution File, Format Version 12.00
# Visual Studio Version 17
VisualStudioVersion = 17.7.34221.43
MinimumVisualStudioVersion = 10.0.40219.1
Project("{FAE04EC0-301F-11D3-BF4B-00C04F79EFBC}") = "Calculadora", "Calculadora\Calculadora.csproj", "{6771E106-8E62-4356-9482-92EAB2F84576}"
EndProject
Global
	GlobalSection(SolutionConfigurationPlatforms) = preSolution
		Debug|Any CPU = Debug|Any CPU
		Release|Any CPU = Release|Any CPU
	EndGlobalSection
	GlobalSection(ProjectConfigurationPlatforms) = postSolution
		{6771E106-8E62-4356-9482-92EAB2F84576}.Debug|Any CPU.ActiveCfg = Debug|Any CPU
		{6771E106-8E62-4356-9482-92EAB2F84576}.Debug|Any CPU.Build.0 = Debug|Any CPU
		{6771E106-8E62-4356-9482-92EAB2F84576}.Release|Any CPU.ActiveCfg = Release|Any CPU
		{6771E106-8E62-4356-9482-92EAB2F84576}.Release|Any CPU.Build.0 = Release|Any CPU
	EndGlobalSection
	GlobalSection(SolutionProperties) = preSolution
		HideSolutionNode = FALSE
	EndGlobalSection
	GlobalSection(ExtensibilityGlobals) = postSolution
		SolutionGuid = {2D22ED31-5007-4BB6-8803-F716C33C1EE1}
	EndGlobalSection
EndGlobal
